
Microsoft Visual Studio Solution File, Format Version 12.00
# Visual Studio Version 16
VisualStudioVersion = 16.0.29709.97
MinimumVisualStudioVersion = 10.0.40219.1
Project("{2150E333-8FDC-42A3-9474-1A3956D46DE8}") = "Application", "Application", "{63A93F2F-A4E7-43A0-A7FF-C1849016E8BB}"
EndProject
Project("{2150E333-8FDC-42A3-9474-1A3956D46DE8}") = "DB", "DB", "{EE916259-CE2D-416A-A60F-C92CF92DD176}"
EndProject
Project("{2150E333-8FDC-42A3-9474-1A3956D46DE8}") = "Dev", "Dev", "{2A253BC5-151D-4221-937B-B4E67CAE19A4}"
EndProject
Project("{2150E333-8FDC-42A3-9474-1A3956D46DE8}") = "Util", "Util", "{0327DF6E-E63C-423E-8834-28CB4EFBCEE1}"
EndProject
Project("{9A19103F-16F7-4668-BE54-9A1E7A4F7556}") = "DDD.Util", "Util\DDD.Util\DDD.Util.csproj", "{655641CF-12FF-41AB-ABCD-B82C73E53E35}"
EndProject
Project("{9A19103F-16F7-4668-BE54-9A1E7A4F7556}") = "DDD.Develop", "Dev\DDD.Develop\DDD.Develop.csproj", "{4C79B04E-EFCE-40AB-9F73-07C1199E6B0B}"
EndProject
Project("{FAE04EC0-301F-11D3-BF4B-00C04F79EFBC}") = "DDD.Data", "DB\DDD.Data\DDD.Data.csproj", "{195D8E1D-C019-4D5F-A8A2-5A35860C1C74}"
EndProject
Project("{FAE04EC0-301F-11D3-BF4B-00C04F79EFBC}") = "DDD.Data.SqlServer", "DB\DDD.Data.SqlServer\DDD.Data.SqlServer\DDD.Data.SqlServer.csproj", "{DFF8B052-A8A7-40CC-B382-3AA62AAF8D4F}"
EndProject
Project("{FAE04EC0-301F-11D3-BF4B-00C04F79EFBC}") = "DDD.Data.MySQL", "DB\DDD.Data.MySQL\DDD.Data.MySQL\DDD.Data.MySQL.csproj", "{57805067-9578-4921-9DF7-19585F83F15E}"
EndProject
Project("{FAE04EC0-301F-11D3-BF4B-00C04F79EFBC}") = "DDD.Web", "Application\DDD.Web\DDD.Web\DDD.Web.csproj", "{FE92283B-133B-4C60-9D61-BC76D20F136B}"
EndProject
Project("{FAE04EC0-301F-11D3-BF4B-00C04F79EFBC}") = "DDD.WebApi", "Application\DDD.WebApi\DDD.WebApi\DDD.WebApi.csproj", "{EC2BA3C2-C7B4-4D00-B1E6-63DEE7C46346}"
EndProject
Global
	GlobalSection(SolutionConfigurationPlatforms) = preSolution
		Debug|Any CPU = Debug|Any CPU
		Release|Any CPU = Release|Any CPU
	EndGlobalSection
	GlobalSection(ProjectConfigurationPlatforms) = postSolution
		{655641CF-12FF-41AB-ABCD-B82C73E53E35}.Debug|Any CPU.ActiveCfg = Debug|Any CPU
		{655641CF-12FF-41AB-ABCD-B82C73E53E35}.Debug|Any CPU.Build.0 = Debug|Any CPU
		{655641CF-12FF-41AB-ABCD-B82C73E53E35}.Release|Any CPU.ActiveCfg = Release|Any CPU
		{655641CF-12FF-41AB-ABCD-B82C73E53E35}.Release|Any CPU.Build.0 = Release|Any CPU
		{4C79B04E-EFCE-40AB-9F73-07C1199E6B0B}.Debug|Any CPU.ActiveCfg = Debug|Any CPU
		{4C79B04E-EFCE-40AB-9F73-07C1199E6B0B}.Debug|Any CPU.Build.0 = Debug|Any CPU
		{4C79B04E-EFCE-40AB-9F73-07C1199E6B0B}.Release|Any CPU.ActiveCfg = Release|Any CPU
		{4C79B04E-EFCE-40AB-9F73-07C1199E6B0B}.Release|Any CPU.Build.0 = Release|Any CPU
		{195D8E1D-C019-4D5F-A8A2-5A35860C1C74}.Debug|Any CPU.ActiveCfg = Debug|Any CPU
		{195D8E1D-C019-4D5F-A8A2-5A35860C1C74}.Debug|Any CPU.Build.0 = Debug|Any CPU
		{195D8E1D-C019-4D5F-A8A2-5A35860C1C74}.Release|Any CPU.ActiveCfg = Release|Any CPU
		{195D8E1D-C019-4D5F-A8A2-5A35860C1C74}.Release|Any CPU.Build.0 = Release|Any CPU
		{DFF8B052-A8A7-40CC-B382-3AA62AAF8D4F}.Debug|Any CPU.ActiveCfg = Debug|Any CPU
		{DFF8B052-A8A7-40CC-B382-3AA62AAF8D4F}.Debug|Any CPU.Build.0 = Debug|Any CPU
		{DFF8B052-A8A7-40CC-B382-3AA62AAF8D4F}.Release|Any CPU.ActiveCfg = Release|Any CPU
		{DFF8B052-A8A7-40CC-B382-3AA62AAF8D4F}.Release|Any CPU.Build.0 = Release|Any CPU
		{57805067-9578-4921-9DF7-19585F83F15E}.Debug|Any CPU.ActiveCfg = Debug|Any CPU
		{57805067-9578-4921-9DF7-19585F83F15E}.Debug|Any CPU.Build.0 = Debug|Any CPU
		{57805067-9578-4921-9DF7-19585F83F15E}.Release|Any CPU.ActiveCfg = Release|Any CPU
		{57805067-9578-4921-9DF7-19585F83F15E}.Release|Any CPU.Build.0 = Release|Any CPU
		{FE92283B-133B-4C60-9D61-BC76D20F136B}.Debug|Any CPU.ActiveCfg = Debug|Any CPU
		{FE92283B-133B-4C60-9D61-BC76D20F136B}.Debug|Any CPU.Build.0 = Debug|Any CPU
		{FE92283B-133B-4C60-9D61-BC76D20F136B}.Release|Any CPU.ActiveCfg = Release|Any CPU
		{FE92283B-133B-4C60-9D61-BC76D20F136B}.Release|Any CPU.Build.0 = Release|Any CPU
		{EC2BA3C2-C7B4-4D00-B1E6-63DEE7C46346}.Debug|Any CPU.ActiveCfg = Debug|Any CPU
		{EC2BA3C2-C7B4-4D00-B1E6-63DEE7C46346}.Debug|Any CPU.Build.0 = Debug|Any CPU
		{EC2BA3C2-C7B4-4D00-B1E6-63DEE7C46346}.Release|Any CPU.ActiveCfg = Release|Any CPU
		{EC2BA3C2-C7B4-4D00-B1E6-63DEE7C46346}.Release|Any CPU.Build.0 = Release|Any CPU
	EndGlobalSection
	GlobalSection(SolutionProperties) = preSolution
		HideSolutionNode = FALSE
	EndGlobalSection
	GlobalSection(NestedProjects) = preSolution
		{655641CF-12FF-41AB-ABCD-B82C73E53E35} = {0327DF6E-E63C-423E-8834-28CB4EFBCEE1}
		{4C79B04E-EFCE-40AB-9F73-07C1199E6B0B} = {2A253BC5-151D-4221-937B-B4E67CAE19A4}
		{195D8E1D-C019-4D5F-A8A2-5A35860C1C74} = {EE916259-CE2D-416A-A60F-C92CF92DD176}
		{DFF8B052-A8A7-40CC-B382-3AA62AAF8D4F} = {EE916259-CE2D-416A-A60F-C92CF92DD176}
		{57805067-9578-4921-9DF7-19585F83F15E} = {EE916259-CE2D-416A-A60F-C92CF92DD176}
		{FE92283B-133B-4C60-9D61-BC76D20F136B} = {63A93F2F-A4E7-43A0-A7FF-C1849016E8BB}
		{EC2BA3C2-C7B4-4D00-B1E6-63DEE7C46346} = {63A93F2F-A4E7-43A0-A7FF-C1849016E8BB}
	EndGlobalSection
	GlobalSection(ExtensibilityGlobals) = postSolution
		SolutionGuid = {B5CF09FB-076F-49B0-A8AE-CD3D2BB4C577}
	EndGlobalSection
EndGlobal
